PODS:
  - Flutter (1.0.0)
  - integration_test (0.0.1):
    - Flutter
  - quick_login_flutter (0.0.1):
    - Flutter

DEPENDENCIES:
  - Flutter (from `Flutter`)
  - integration_test (from `.symlinks/plugins/integration_test/ios`)
  - quick_login_flutter (from `.symlinks/plugins/quick_login_flutter/ios`)

EXTERNAL SOURCES:
  Flutter:
    :path: Flutter
  integration_test:
    :path: ".symlinks/plugins/integration_test/ios"
  quick_login_flutter:
    :path: ".symlinks/plugins/quick_login_flutter/ios"

SPEC CHECKSUMS:
  Flutter: cabc95a1d2626b1b06e7179b784ebcf0c0cde467
  integration_test: 252f60fa39af5e17c3aa9899d35d908a0721b573
  quick_login_flutter: d0fa811aafc6845e7733027e69d0dd06514851e4

PODFILE CHECKSUM: 1b4e38c5a7977b1d2784dfb12c349b2547df92da

COCOAPODS: 1.16.2
